
Microsoft Visual Studio Solution File, Format Version 12.00
# Visual Studio Version 17
VisualStudioVersion = 17.10.35013.160
MinimumVisualStudioVersion = 10.0.40219.1
Project("{FAE04EC0-301F-11D3-BF4B-00C04F79EFBC}") = "Todo List", "Todo List.csproj", "{180C599B-FBF0-4F55-BB50-6CB032337A78}"
EndProject
Global
	GlobalSection(SolutionConfigurationPlatforms) = preSolution
		Debug|Any CPU = Debug|Any CPU
		Release|Any CPU = Release|Any CPU
	EndGlobalSection
	GlobalSection(ProjectConfigurationPlatforms) = postSolution
		{180C599B-FBF0-4F55-BB50-6CB032337A78}.Debug|Any CPU.ActiveCfg = Debug|Any CPU
		{180C599B-FBF0-4F55-BB50-6CB032337A78}.Debug|Any CPU.Build.0 = Debug|Any CPU
		{180C599B-FBF0-4F55-BB50-6CB032337A78}.Release|Any CPU.ActiveCfg = Release|Any CPU
		{180C599B-FBF0-4F55-BB50-6CB032337A78}.Release|Any CPU.Build.0 = Release|Any CPU
	EndGlobalSection
	GlobalSection(SolutionProperties) = preSolution
		HideSolutionNode = FALSE
	EndGlobalSection
	GlobalSection(ExtensibilityGlobals) = postSolution
		SolutionGuid = {C5D06678-8974-43E5-AB78-1671AE07D47E}
	EndGlobalSection
EndGlobal
